
Microsoft Visual Studio Solution File, Format Version 12.00
# Visual Studio 15
VisualStudioVersion = 15.0.28307.106
MinimumVisualStudioVersion = 10.0.40219.1
Project("{FAE04EC0-301F-11D3-BF4B-00C04F79EFBC}") = "org.healthwise.newrelic.filewatcher", "org.healthwise.newrelic.filewatcher\org.healthwise.newrelic.filewatcher.csproj", "{6A41B0C4-0DEE-48B7-A84B-0CA5540D7E7A}"
EndProject
Global
	GlobalSection(SolutionConfigurationPlatforms) = preSolution
		Debug|Any CPU = Debug|Any CPU
		Release|Any CPU = Release|Any CPU
	EndGlobalSection
	GlobalSection(ProjectConfigurationPlatforms) = postSolution
		{6A41B0C4-0DEE-48B7-A84B-0CA5540D7E7A}.Debug|Any CPU.ActiveCfg = Debug|Any CPU
		{6A41B0C4-0DEE-48B7-A84B-0CA5540D7E7A}.Debug|Any CPU.Build.0 = Debug|Any CPU
		{6A41B0C4-0DEE-48B7-A84B-0CA5540D7E7A}.Release|Any CPU.ActiveCfg = Release|Any CPU
		{6A41B0C4-0DEE-48B7-A84B-0CA5540D7E7A}.Release|Any CPU.Build.0 = Release|Any CPU
	EndGlobalSection
	GlobalSection(SolutionProperties) = preSolution
		HideSolutionNode = FALSE
	EndGlobalSection
	GlobalSection(ExtensibilityGlobals) = postSolution
		SolutionGuid = {3783811F-D6CE-47B9-8444-88FE4AF18F37}
	EndGlobalSection
EndGlobal
